// !$*UTF8*$!
{
	archiveVersion = 1;
	classes = {
	};
	objectVersion = 52;
	objects = {

/* Begin PBXBuildFile section */
		EC5363EF244C99AE007A4A7C /* AppDelegate.swift in Sources */ = {isa = PBXBuildFile; fileRef = EC5363EE244C99AE007A4A7C /* AppDelegate.swift */; };
		EC5363F6244C99AE007A4A7C /* Main.storyboard in Resources */ = {isa = PBXBuildFile; fileRef = EC5363F4244C99AE007A4A7C /* Main.storyboard */; };
		EC5363F8244C99B3007A4A7C /* Assets.xcassets in Resources */ = {isa = PBXBuildFile; fileRef = EC5363F7244C99B3007A4A7C /* Assets.xcassets */; };
		EC5363FB244C99B3007A4A7C /* LaunchScreen.storyboard in Resources */ = {isa = PBXBuildFile; fileRef = EC5363F9244C99B3007A4A7C /* LaunchScreen.storyboard */; };
		EC536406244CD31E007A4A7C /* Stevia in Frameworks */ = {isa = PBXBuildFile; productRef = EC536405244CD31E007A4A7C /* Stevia */; };
		EC53640A244CD3B0007A4A7C /* LoginViewController.swift in Sources */ = {isa = PBXBuildFile; fileRef = EC536409244CD3B0007A4A7C /* LoginViewController.swift */; };
		EC53640C244CD7E7007A4A7C /* LoginView.swift in Sources */ = {isa = PBXBuildFile; fileRef = EC53640B244CD7E7007A4A7C /* LoginView.swift */; };
		EC53640E244CDA15007A4A7C /* SceneDelegate.swift in Sources */ = {isa = PBXBuildFile; fileRef = EC53640D244CDA15007A4A7C /* SceneDelegate.swift */; };
		EC536411244CE4C7007A4A7C /* KeyboardLayoutGuide in Frameworks */ = {isa = PBXBuildFile; productRef = EC536410244CE4C7007A4A7C /* KeyboardLayoutGuide */; };
		EC536414244D012B007A4A7C /* String+isValidEmail.swift in Sources */ = {isa = PBXBuildFile; fileRef = EC536413244D012B007A4A7C /* String+isValidEmail.swift */; };
		EC536416244D0172007A4A7C /* String+isValidCPF.swift in Sources */ = {isa = PBXBuildFile; fileRef = EC536415244D0172007A4A7C /* String+isValidCPF.swift */; };
		EC536418244D024C007A4A7C /* String+isValidPassword.swift in Sources */ = {isa = PBXBuildFile; fileRef = EC536417244D024C007A4A7C /* String+isValidPassword.swift */; };
		EC53641C244D0FA1007A4A7C /* UIButton+highlight.swift in Sources */ = {isa = PBXBuildFile; fileRef = EC53641B244D0FA1007A4A7C /* UIButton+highlight.swift */; };
/* End PBXBuildFile section */

/* Begin PBXFileReference section */
		EC5363EB244C99AE007A4A7C /* BankStatement.app */ = {isa = PBXFileReference; explicitFileType = wrapper.application; includeInIndex = 0; path = BankStatement.app; sourceTree = BUILT_PRODUCTS_DIR; };
		EC5363EE244C99AE007A4A7C /* AppDelegate.swift */ = {isa = PBXFileReference; lastKnownFileType = sourcecode.swift; path = AppDelegate.swift; sourceTree = "<group>"; };
		EC5363F5244C99AE007A4A7C /* Base */ = {isa = PBXFileReference; lastKnownFileType = file.storyboard; name = Base; path = Base.lproj/Main.storyboard; sourceTree = "<group>"; };
		EC5363F7244C99B3007A4A7C /* Assets.xcassets */ = {isa = PBXFileReference; lastKnownFileType = folder.assetcatalog; path = Assets.xcassets; sourceTree = "<group>"; };
		EC5363FA244C99B3007A4A7C /* Base */ = {isa = PBXFileReference; lastKnownFileType = file.storyboard; name = Base; path = Base.lproj/LaunchScreen.storyboard; sourceTree = "<group>"; };
		EC5363FC244C99B3007A4A7C /* Info.plist */ = {isa = PBXFileReference; lastKnownFileType = text.plist.xml; path = Info.plist; sourceTree = "<group>"; };
		EC536402244C99D6007A4A7C /* BankStatement.entitlements */ = {isa = PBXFileReference; lastKnownFileType = text.plist.entitlements; path = BankStatement.entitlements; sourceTree = "<group>"; };
		EC536409244CD3B0007A4A7C /* LoginViewController.swift */ = {isa = PBXFileReference; lastKnownFileType = sourcecode.swift; path = LoginViewController.swift; sourceTree = "<group>"; };
		EC53640B244CD7E7007A4A7C /* LoginView.swift */ = {isa = PBXFileReference; lastKnownFileType = sourcecode.swift; path = LoginView.swift; sourceTree = "<group>"; };
		EC53640D244CDA15007A4A7C /* SceneDelegate.swift */ = {isa = PBXFileReference; fileEncoding = 4; lastKnownFileType = sourcecode.swift; path = SceneDelegate.swift; sourceTree = "<group>"; };
		EC536413244D012B007A4A7C /* String+isValidEmail.swift */ = {isa = PBXFileReference; lastKnownFileType = sourcecode.swift; path = "String+isValidEmail.swift"; sourceTree = "<group>"; };
		EC536415244D0172007A4A7C /* String+isValidCPF.swift */ = {isa = PBXFileReference; lastKnownFileType = sourcecode.swift; path = "String+isValidCPF.swift"; sourceTree = "<group>"; };
		EC536417244D024C007A4A7C /* String+isValidPassword.swift */ = {isa = PBXFileReference; lastKnownFileType = sourcecode.swift; path = "String+isValidPassword.swift"; sourceTree = "<group>"; };
		EC53641B244D0FA1007A4A7C /* UIButton+highlight.swift */ = {isa = PBXFileReference; lastKnownFileType = sourcecode.swift; path = "UIButton+highlight.swift"; sourceTree = "<group>"; };
/* End PBXFileReference section */

/* Begin PBXFrameworksBuildPhase section */
		EC5363E8244C99AE007A4A7C /* Frameworks */ = {
			isa = PBXFrameworksBuildPhase;
			buildActionMask = 2147483647;
			files = (
				EC536411244CE4C7007A4A7C /* KeyboardLayoutGuide in Frameworks */,
				EC536406244CD31E007A4A7C /* Stevia in Frameworks */,
			);
			runOnlyForDeploymentPostprocessing = 0;
		};
/* End PBXFrameworksBuildPhase section */

/* Begin PBXGroup section */
		EC5363E2244C99AE007A4A7C = {
			isa = PBXGroup;
			children = (
				EC5363ED244C99AE007A4A7C /* BankStatement */,
				EC5363EC244C99AE007A4A7C /* Products */,
			);
			sourceTree = "<group>";
		};
		EC5363EC244C99AE007A4A7C /* Products */ = {
			isa = PBXGroup;
			children = (
				EC5363EB244C99AE007A4A7C /* BankStatement.app */,
			);
			name = Products;
			sourceTree = "<group>";
		};
		EC5363ED244C99AE007A4A7C /* BankStatement */ = {
			isa = PBXGroup;
			children = (
				EC536419244D0F7D007A4A7C /* Extensions */,
				EC536408244CD379007A4A7C /* Screens */,
				EC536407244CD362007A4A7C /* Misc */,
				EC5363F4244C99AE007A4A7C /* Main.storyboard */,
				EC5363F7244C99B3007A4A7C /* Assets.xcassets */,
			);
			path = BankStatement;
			sourceTree = "<group>";
		};
		EC536407244CD362007A4A7C /* Misc */ = {
			isa = PBXGroup;
			children = (
				EC536402244C99D6007A4A7C /* BankStatement.entitlements */,
				EC5363EE244C99AE007A4A7C /* AppDelegate.swift */,
				EC53640D244CDA15007A4A7C /* SceneDelegate.swift */,
				EC5363F9244C99B3007A4A7C /* LaunchScreen.storyboard */,
				EC5363FC244C99B3007A4A7C /* Info.plist */,
			);
			name = Misc;
			sourceTree = "<group>";
		};
		EC536408244CD379007A4A7C /* Screens */ = {
			isa = PBXGroup;
			children = (
				EC53641A244D0F93007A4A7C /* Extensions */,
				EC536409244CD3B0007A4A7C /* LoginViewController.swift */,
				EC53640B244CD7E7007A4A7C /* LoginView.swift */,
			);
			name = Screens;
			sourceTree = "<group>";
		};
		EC536412244D011B007A4A7C /* Validations */ = {
			isa = PBXGroup;
			children = (
				EC536413244D012B007A4A7C /* String+isValidEmail.swift */,
				EC536415244D0172007A4A7C /* String+isValidCPF.swift */,
				EC536417244D024C007A4A7C /* String+isValidPassword.swift */,
			);
			name = Validations;
			sourceTree = "<group>";
		};
		EC536419244D0F7D007A4A7C /* Extensions */ = {
			isa = PBXGroup;
			children = (
				EC536412244D011B007A4A7C /* Validations */,
			);
			name = Extensions;
			sourceTree = "<group>";
		};
		EC53641A244D0F93007A4A7C /* Extensions */ = {
			isa = PBXGroup;
			children = (
				EC53641B244D0FA1007A4A7C /* UIButton+highlight.swift */,
			);
			name = Extensions;
			sourceTree = "<group>";
		};
/* End PBXGroup section */

/* Begin PBXNativeTarget section */
		EC5363EA244C99AE007A4A7C /* BankStatement */ = {
			isa = PBXNativeTarget;
			buildConfigurationList = EC5363FF244C99B3007A4A7C /* Build configuration list for PBXNativeTarget "BankStatement" */;
			buildPhases = (
				EC5363E7244C99AE007A4A7C /* Sources */,
				EC5363E8244C99AE007A4A7C /* Frameworks */,
				EC5363E9244C99AE007A4A7C /* Resources */,
			);
			buildRules = (
			);
			dependencies = (
			);
			name = BankStatement;
			packageProductDependencies = (
				EC536405244CD31E007A4A7C /* Stevia */,
				EC536410244CE4C7007A4A7C /* KeyboardLayoutGuide */,
			);
			productName = BankStatement;
			productReference = EC5363EB244C99AE007A4A7C /* BankStatement.app */;
			productType = "com.apple.product-type.application";
		};
/* End PBXNativeTarget section */

/* Begin PBXProject section */
		EC5363E3244C99AE007A4A7C /* Project object */ = {
			isa = PBXProject;
			attributes = {
				LastSwiftUpdateCheck = 1140;
				LastUpgradeCheck = 1140;
				ORGANIZATIONNAME = "Gustavo Almeida Amaral";
				TargetAttributes = {
					EC5363EA244C99AE007A4A7C = {
						CreatedOnToolsVersion = 11.4.1;
					};
				};
			};
			buildConfigurationList = EC5363E6244C99AE007A4A7C /* Build configuration list for PBXProject "BankStatement" */;
			compatibilityVersion = "Xcode 9.3";
			developmentRegion = en;
			hasScannedForEncodings = 0;
			knownRegions = (
				en,
				Base,
			);
			mainGroup = EC5363E2244C99AE007A4A7C;
			packageReferences = (
				EC536404244CD31E007A4A7C /* XCRemoteSwiftPackageReference "Stevia" */,
				EC53640F244CE4C7007A4A7C /* XCRemoteSwiftPackageReference "KeyboardLayoutGuide" */,
			);
			productRefGroup = EC5363EC244C99AE007A4A7C /* Products */;
			projectDirPath = "";
			projectRoot = "";
			targets = (
				EC5363EA244C99AE007A4A7C /* BankStatement */,
			);
		};
/* End PBXProject section */

/* Begin PBXResourcesBuildPhase section */
		EC5363E9244C99AE007A4A7C /* Resources */ = {
			isa = PBXResourcesBuildPhase;
			buildActionMask = 2147483647;
			files = (
				EC5363FB244C99B3007A4A7C /* LaunchScreen.storyboard in Resources */,
				EC5363F8244C99B3007A4A7C /* Assets.xcassets in Resources */,
				EC5363F6244C99AE007A4A7C /* Main.storyboard in Resources */,
			);
			runOnlyForDeploymentPostprocessing = 0;
		};
/* End PBXResourcesBuildPhase section */

/* Begin PBXSourcesBuildPhase section */
		EC5363E7244C99AE007A4A7C /* Sources */ = {
			isa = PBXSourcesBuildPhase;
			buildActionMask = 2147483647;
			files = (
				EC53641C244D0FA1007A4A7C /* UIButton+highlight.swift in Sources */,
				EC53640A244CD3B0007A4A7C /* LoginViewController.swift in Sources */,
				EC536418244D024C007A4A7C /* String+isValidPassword.swift in Sources */,
				EC5363EF244C99AE007A4A7C /* AppDelegate.swift in Sources */,
				EC53640C244CD7E7007A4A7C /* LoginView.swift in Sources */,
				EC536416244D0172007A4A7C /* String+isValidCPF.swift in Sources */,
				EC53640E244CDA15007A4A7C /* SceneDelegate.swift in Sources */,
				EC536414244D012B007A4A7C /* String+isValidEmail.swift in Sources */,
			);
			runOnlyForDeploymentPostprocessing = 0;
		};
/* End PBXSourcesBuildPhase section */

/* Begin PBXVariantGroup section */
		EC5363F4244C99AE007A4A7C /* Main.storyboard */ = {
			isa = PBXVariantGroup;
			children = (
				EC5363F5244C99AE007A4A7C /* Base */,
			);
			name = Main.storyboard;
			sourceTree = "<group>";
		};
		EC5363F9244C99B3007A4A7C /* LaunchScreen.storyboard */ = {
			isa = PBXVariantGroup;
			children = (
				EC5363FA244C99B3007A4A7C /* Base */,
			);
			name = LaunchScreen.storyboard;
			sourceTree = "<group>";
		};
/* End PBXVariantGroup section */

/* Begin XCBuildConfiguration section */
		EC5363FD244C99B3007A4A7C /* Debug */ = {
			isa = XCBuildConfiguration;
			buildSettings = {
				ALWAYS_SEARCH_USER_PATHS = NO;
				CLANG_ANALYZER_NONNULL = YES;
				CLANG_ANALYZER_NUMBER_OBJECT_CONVERSION = YES_AGGRESSIVE;
				CLANG_CXX_LANGUAGE_STANDARD = "gnu++14";
				CLANG_CXX_LIBRARY = "libc++";
				CLANG_ENABLE_MODULES = YES;
				CLANG_ENABLE_OBJC_ARC = YES;
				CLANG_ENABLE_OBJC_WEAK = YES;
				CLANG_WARN_BLOCK_CAPTURE_AUTORELEASING = YES;
				CLANG_WARN_BOOL_CONVERSION = YES;
				CLANG_WARN_COMMA = YES;
				CLANG_WARN_CONSTANT_CONVERSION = YES;
				CLANG_WARN_DEPRECATED_OBJC_IMPLEMENTATIONS = YES;
				CLANG_WARN_DIRECT_OBJC_ISA_USAGE = YES_ERROR;
				CLANG_WARN_DOCUMENTATION_COMMENTS = YES;
				CLANG_WARN_EMPTY_BODY = YES;
				CLANG_WARN_ENUM_CONVERSION = YES;
				CLANG_WARN_INFINITE_RECURSION = YES;
				CLANG_WARN_INT_CONVERSION = YES;
				CLANG_WARN_NON_LITERAL_NULL_CONVERSION = YES;
				CLANG_WARN_OBJC_IMPLICIT_RETAIN_SELF = YES;
				CLANG_WARN_OBJC_LITERAL_CONVERSION = YES;
				CLANG_WARN_OBJC_ROOT_CLASS = YES_ERROR;
				CLANG_WARN_RANGE_LOOP_ANALYSIS = YES;
				CLANG_WARN_STRICT_PROTOTYPES = YES;
				CLANG_WARN_SUSPICIOUS_MOVE = YES;
				CLANG_WARN_UNGUARDED_AVAILABILITY = YES_AGGRESSIVE;
				CLANG_WARN_UNREACHABLE_CODE = YES;
				CLANG_WARN__DUPLICATE_METHOD_MATCH = YES;
				COPY_PHASE_STRIP = NO;
				DEBUG_INFORMATION_FORMAT = dwarf;
				ENABLE_STRICT_OBJC_MSGSEND = YES;
				ENABLE_TESTABILITY = YES;
				GCC_C_LANGUAGE_STANDARD = gnu11;
				GCC_DYNAMIC_NO_PIC = NO;
				GCC_NO_COMMON_BLOCKS = YES;
				GCC_OPTIMIZATION_LEVEL = 0;
				GCC_PREPROCESSOR_DEFINITIONS = (
					"DEBUG=1",
					"$(inherited)",
				);
				GCC_WARN_64_TO_32_BIT_CONVERSION = YES;
				GCC_WARN_ABOUT_RETURN_TYPE = YES_ERROR;
				GCC_WARN_UNDECLARED_SELECTOR = YES;
				GCC_WARN_UNINITIALIZED_AUTOS = YES_AGGRESSIVE;
				GCC_WARN_UNUSED_FUNCTION = YES;
				GCC_WARN_UNUSED_VARIABLE = YES;
				IPHONEOS_DEPLOYMENT_TARGET = 13.4;
				MTL_ENABLE_DEBUG_INFO = INCLUDE_SOURCE;
				MTL_FAST_MATH = YES;
				ONLY_ACTIVE_ARCH = YES;
				SDKROOT = iphoneos;
				SWIFT_ACTIVE_COMPILATION_CONDITIONS = DEBUG;
				SWIFT_OPTIMIZATION_LEVEL = "-Onone";
			};
			name = Debug;
		};
		EC5363FE244C99B3007A4A7C /* Release */ = {
			isa = XCBuildConfiguration;
			buildSettings = {
				ALWAYS_SEARCH_USER_PATHS = NO;
				CLANG_ANALYZER_NONNULL = YES;
				CLANG_ANALYZER_NUMBER_OBJECT_CONVERSION = YES_AGGRESSIVE;
				CLANG_CXX_LANGUAGE_STANDARD = "gnu++14";
				CLANG_CXX_LIBRARY = "libc++";
				CLANG_ENABLE_MODULES = YES;
				CLANG_ENABLE_OBJC_ARC = YES;
				CLANG_ENABLE_OBJC_WEAK = YES;
				CLANG_WARN_BLOCK_CAPTURE_AUTORELEASING = YES;
				CLANG_WARN_BOOL_CONVERSION = YES;
				CLANG_WARN_COMMA = YES;
				CLANG_WARN_CONSTANT_CONVERSION = YES;
				CLANG_WARN_DEPRECATED_OBJC_IMPLEMENTATIONS = YES;
				CLANG_WARN_DIRECT_OBJC_ISA_USAGE = YES_ERROR;
				CLANG_WARN_DOCUMENTATION_COMMENTS = YES;
				CLANG_WARN_EMPTY_BODY = YES;
				CLANG_WARN_ENUM_CONVERSION = YES;
				CLANG_WARN_INFINITE_RECURSION = YES;
				CLANG_WARN_INT_CONVERSION = YES;
				CLANG_WARN_NON_LITERAL_NULL_CONVERSION = YES;
				CLANG_WARN_OBJC_IMPLICIT_RETAIN_SELF = YES;
				CLANG_WARN_OBJC_LITERAL_CONVERSION = YES;
				CLANG_WARN_OBJC_ROOT_CLASS = YES_ERROR;
				CLANG_WARN_RANGE_LOOP_ANALYSIS = YES;
				CLANG_WARN_STRICT_PROTOTYPES = YES;
				CLANG_WARN_SUSPICIOUS_MOVE = YES;
				CLANG_WARN_UNGUARDED_AVAILABILITY = YES_AGGRESSIVE;
				CLANG_WARN_UNREACHABLE_CODE = YES;
				CLANG_WARN__DUPLICATE_METHOD_MATCH = YES;
				COPY_PHASE_STRIP = NO;
				DEBUG_INFORMATION_FORMAT = "dwarf-with-dsym";
				ENABLE_NS_ASSERTIONS = NO;
				ENABLE_STRICT_OBJC_MSGSEND = YES;
				GCC_C_LANGUAGE_STANDARD = gnu11;
				GCC_NO_COMMON_BLOCKS = YES;
				GCC_WARN_64_TO_32_BIT_CONVERSION = YES;
				GCC_WARN_ABOUT_RETURN_TYPE = YES_ERROR;
				GCC_WARN_UNDECLARED_SELECTOR = YES;
				GCC_WARN_UNINITIALIZED_AUTOS = YES_AGGRESSIVE;
				GCC_WARN_UNUSED_FUNCTION = YES;
				GCC_WARN_UNUSED_VARIABLE = YES;
				IPHONEOS_DEPLOYMENT_TARGET = 13.4;
				MTL_ENABLE_DEBUG_INFO = NO;
				MTL_FAST_MATH = YES;
				SDKROOT = iphoneos;
				SWIFT_COMPILATION_MODE = wholemodule;
				SWIFT_OPTIMIZATION_LEVEL = "-O";
				VALIDATE_PRODUCT = YES;
			};
			name = Release;
		};
		EC536400244C99B3007A4A7C /* Debug */ = {
			isa = XCBuildConfiguration;
			buildSettings = {
				ASSETCATALOG_COMPILER_APPICON_NAME = AppIcon;
				CODE_SIGN_ENTITLEMENTS = BankStatement/BankStatement.entitlements;
				CODE_SIGN_STYLE = Automatic;
				DEVELOPMENT_TEAM = 4EQ948BHF9;
				INFOPLIST_FILE = BankStatement/Info.plist;
				IPHONEOS_DEPLOYMENT_TARGET = 13.0;
				LD_RUNPATH_SEARCH_PATHS = (
					"$(inherited)",
					"@executable_path/Frameworks",
				);
				PRODUCT_BUNDLE_IDENTIFIER = com.almeidaws.BankStatement.BankStatement;
				PRODUCT_NAME = "$(TARGET_NAME)";
				SWIFT_VERSION = 5.0;
				TARGETED_DEVICE_FAMILY = 1;
			};
			name = Debug;
		};
		EC536401244C99B3007A4A7C /* Release */ = {
			isa = XCBuildConfiguration;
			buildSettings = {
				ASSETCATALOG_COMPILER_APPICON_NAME = AppIcon;
				CODE_SIGN_ENTITLEMENTS = BankStatement/BankStatement.entitlements;
				CODE_SIGN_STYLE = Automatic;
				DEVELOPMENT_TEAM = 4EQ948BHF9;
				INFOPLIST_FILE = BankStatement/Info.plist;
				IPHONEOS_DEPLOYMENT_TARGET = 13.0;
				LD_RUNPATH_SEARCH_PATHS = (
					"$(inherited)",
					"@executable_path/Frameworks",
				);
				PRODUCT_BUNDLE_IDENTIFIER = com.almeidaws.BankStatement.BankStatement;
				PRODUCT_NAME = "$(TARGET_NAME)";
				SWIFT_VERSION = 5.0;
				TARGETED_DEVICE_FAMILY = 1;
			};
			name = Release;
		};
/* End XCBuildConfiguration section */

/* Begin XCConfigurationList section */
		EC5363E6244C99AE007A4A7C /* Build configuration list for PBXProject "BankStatement" */ = {
			isa = XCConfigurationList;
			buildConfigurations = (
				EC5363FD244C99B3007A4A7C /* Debug */,
				EC5363FE244C99B3007A4A7C /* Release */,
			);
			defaultConfigurationIsVisible = 0;
			defaultConfigurationName = Release;
		};
		EC5363FF244C99B3007A4A7C /* Build configuration list for PBXNativeTarget "BankStatement" */ = {
			isa = XCConfigurationList;
			buildConfigurations = (
				EC536400244C99B3007A4A7C /* Debug */,
				EC536401244C99B3007A4A7C /* Release */,
			);
			defaultConfigurationIsVisible = 0;
			defaultConfigurationName = Release;
		};
/* End XCConfigurationList section */

/* Begin XCRemoteSwiftPackageReference section */
		EC536404244CD31E007A4A7C /* XCRemoteSwiftPackageReference "Stevia" */ = {
			isa = XCRemoteSwiftPackageReference;
			repositoryURL = "https://github.com/freshOS/Stevia.git";
			requirement = {
				kind = upToNextMajorVersion;
				minimumVersion = 5.0.0;
			};
		};
		EC53640F244CE4C7007A4A7C /* XCRemoteSwiftPackageReference "KeyboardLayoutGuide" */ = {
			isa = XCRemoteSwiftPackageReference;
			repositoryURL = "https://github.com/freshOS/KeyboardLayoutGuide";
			requirement = {
				kind = upToNextMajorVersion;
				minimumVersion = 1.7.0;
			};
		};
/* End XCRemoteSwiftPackageReference section */

/* Begin XCSwiftPackageProductDependency section */
		EC536405244CD31E007A4A7C /* Stevia */ = {
			isa = XCSwiftPackageProductDependency;
			package = EC536404244CD31E007A4A7C /* XCRemoteSwiftPackageReference "Stevia" */;
			productName = Stevia;
		};
		EC536410244CE4C7007A4A7C /* KeyboardLayoutGuide */ = {
			isa = XCSwiftPackageProductDependency;
			package = EC53640F244CE4C7007A4A7C /* XCRemoteSwiftPackageReference "KeyboardLayoutGuide" */;
			productName = KeyboardLayoutGuide;
		};
/* End XCSwiftPackageProductDependency section */
	};
	rootObject = EC5363E3244C99AE007A4A7C /* Project object */;
}
